
Microsoft Visual Studio Solution File, Format Version 12.00
# Visual Studio 15
VisualStudioVersion = 15.0.28307.1062
MinimumVisualStudioVersion = 10.0.40219.1
Project("{FAE04EC0-301F-11D3-BF4B-00C04F79EFBC}") = "Задание_1_к", "Практикум_8\Задание_1_к.csproj", "{B8FDD6E8-3E79-4D9C-A9B4-EB340F9FD294}"
EndProject
Project("{FAE04EC0-301F-11D3-BF4B-00C04F79EFBC}") = "Задание_1_г", "Задание_2\Задание_1_г.csproj", "{E4CB5D9C-F7B1-473A-9485-A8CBB706E966}"
EndProject
Global
	GlobalSection(SolutionConfigurationPlatforms) = preSolution
		Debug|Any CPU = Debug|Any CPU
		Release|Any CPU = Release|Any CPU
	EndGlobalSection
	GlobalSection(ProjectConfigurationPlatforms) = postSolution
		{B8FDD6E8-3E79-4D9C-A9B4-EB340F9FD294}.Debug|Any CPU.ActiveCfg = Debug|Any CPU
		{B8FDD6E8-3E79-4D9C-A9B4-EB340F9FD294}.Debug|Any CPU.Build.0 = Debug|Any CPU
		{B8FDD6E8-3E79-4D9C-A9B4-EB340F9FD294}.Release|Any CPU.ActiveCfg = Release|Any CPU
		{B8FDD6E8-3E79-4D9C-A9B4-EB340F9FD294}.Release|Any CPU.Build.0 = Release|Any CPU
		{E4CB5D9C-F7B1-473A-9485-A8CBB706E966}.Debug|Any CPU.ActiveCfg = Debug|Any CPU
		{E4CB5D9C-F7B1-473A-9485-A8CBB706E966}.Debug|Any CPU.Build.0 = Debug|Any CPU
		{E4CB5D9C-F7B1-473A-9485-A8CBB706E966}.Release|Any CPU.ActiveCfg = Release|Any CPU
		{E4CB5D9C-F7B1-473A-9485-A8CBB706E966}.Release|Any CPU.Build.0 = Release|Any CPU
	EndGlobalSection
	GlobalSection(SolutionProperties) = preSolution
		HideSolutionNode = FALSE
	EndGlobalSection
	GlobalSection(ExtensibilityGlobals) = postSolution
		SolutionGuid = {5CE40E0F-AB95-4459-B7E0-28B73F86046F}
	EndGlobalSection
EndGlobal
